
Microsoft Visual Studio Solution File, Format Version 12.00
# Visual Studio Version 17
VisualStudioVersion = 17.1.32328.378
MinimumVisualStudioVersion = 10.0.40219.1
Project("{9A19103F-16F7-4668-BE54-9A1E7A4F7556}") = "UrlShortenerWeb", "UrlShortenerWeb\UrlShortenerWeb.csproj", "{ED04CF61-17D6-405F-A949-FD515138378E}"
EndProject
Project("{FAE04EC0-301F-11D3-BF4B-00C04F79EFBC}") = "UrlShortener", "UrlShortener\UrlShortener.csproj", "{B3208D1B-205E-4E72-B191-9C66611D192E}"
EndProject
Global
	GlobalSection(SolutionConfigurationPlatforms) = preSolution
		Debug|Any CPU = Debug|Any CPU
		Release|Any CPU = Release|Any CPU
	EndGlobalSection
	GlobalSection(ProjectConfigurationPlatforms) = postSolution
		{ED04CF61-17D6-405F-A949-FD515138378E}.Debug|Any CPU.ActiveCfg = Debug|Any CPU
		{ED04CF61-17D6-405F-A949-FD515138378E}.Debug|Any CPU.Build.0 = Debug|Any CPU
		{ED04CF61-17D6-405F-A949-FD515138378E}.Release|Any CPU.ActiveCfg = Release|Any CPU
		{ED04CF61-17D6-405F-A949-FD515138378E}.Release|Any CPU.Build.0 = Release|Any CPU
		{B3208D1B-205E-4E72-B191-9C66611D192E}.Debug|Any CPU.ActiveCfg = Debug|Any CPU
		{B3208D1B-205E-4E72-B191-9C66611D192E}.Debug|Any CPU.Build.0 = Debug|Any CPU
		{B3208D1B-205E-4E72-B191-9C66611D192E}.Release|Any CPU.ActiveCfg = Release|Any CPU
		{B3208D1B-205E-4E72-B191-9C66611D192E}.Release|Any CPU.Build.0 = Release|Any CPU
	EndGlobalSection
	GlobalSection(SolutionProperties) = preSolution
		HideSolutionNode = FALSE
	EndGlobalSection
	GlobalSection(ExtensibilityGlobals) = postSolution
		SolutionGuid = {0761D3B9-2349-446E-8556-79780035B859}
	EndGlobalSection
EndGlobal
